<?xml version="1.0" encoding="utf-8"?>
<Project ToolsVersion="18.0" xmlns="http://schemas.microsoft.com/developer/msbuild/2003">
  <ItemGroup>
    <CustomBuild Include="C:\Users\Administrator\Desktop\GuangSuo\HNUCT_codex\CMakeFiles\530f6abfcb4108c85fdcfeabd6c065f9\INSTALL_force.rule">
      <Filter>CMake Rules</Filter>
    </CustomBuild>
  </ItemGroup>
  <ItemGroup>
    <Filter Include="CMake Rules">
      <UniqueIdentifier>{7187A961-EB43-35E1-8495-DCBD476B9E7A}</UniqueIdentifier>
    </Filter>
  </ItemGroup>
</Project>
